
Microsoft Visual Studio Solution File, Format Version 12.00
# Visual Studio Version 17
VisualStudioVersion = 17.4.33205.214
MinimumVisualStudioVersion = 10.0.40219.1
Project("{8BC9CEB8-8B4A-11D0-8D11-00A0C91BC942}") = "roundRadar", "roundRadar\roundRadar.vcxproj", "{270B7DBA-ACBE-45EF-8C36-5A123E1F0ABD}"
EndProject
Global
	GlobalSection(SolutionConfigurationPlatforms) = preSolution
		Debug|x64 = Debug|x64
		Debug|x86 = Debug|x86
		Release|x64 = Release|x64
		Release|x86 = Release|x86
	EndGlobalSection
	GlobalSection(ProjectConfigurationPlatforms) = postSolution
		{270B7DBA-ACBE-45EF-8C36-5A123E1F0ABD}.Debug|x64.ActiveCfg = Debug|x64
		{270B7DBA-ACBE-45EF-8C36-5A123E1F0ABD}.Debug|x64.Build.0 = Debug|x64
		{270B7DBA-ACBE-45EF-8C36-5A123E1F0ABD}.Debug|x86.ActiveCfg = Debug|Win32
		{270B7DBA-ACBE-45EF-8C36-5A123E1F0ABD}.Debug|x86.Build.0 = Debug|Win32
		{270B7DBA-ACBE-45EF-8C36-5A123E1F0ABD}.Release|x64.ActiveCfg = Release|x64
		{270B7DBA-ACBE-45EF-8C36-5A123E1F0ABD}.Release|x64.Build.0 = Release|x64
		{270B7DBA-ACBE-45EF-8C36-5A123E1F0ABD}.Release|x86.ActiveCfg = Release|Win32
		{270B7DBA-ACBE-45EF-8C36-5A123E1F0ABD}.Release|x86.Build.0 = Release|Win32
	EndGlobalSection
	GlobalSection(SolutionProperties) = preSolution
		HideSolutionNode = FALSE
	EndGlobalSection
	GlobalSection(ExtensibilityGlobals) = postSolution
		SolutionGuid = {B02F6CC4-6DC3-4CBA-BD76-51D3F2D25DC9}
	EndGlobalSection
EndGlobal
